version = 1
revision = 3
requires-python = ">=3.10"

[[package]]
name = "rsloop"
version = "0.1.59"
source = { registry = "https://pypi.org/simple" }
sdist = { url = "https://files.pythonhosted.org/packages/4a/4f/64c0d6d69d9e9dda5a89feb553468734a87a9f161ed52f37eea91709b035/rsloop-0.1.59.tar.gz", hash = "sha256:63e20c8930c44a422efcbb1c5a21931e7660132f8f3a7b6fde516afd934c607e", size = 1040803, upload-time = "2026-10-07T17:30:37.971Z" }
wheels = [
    { url = "https://files.pythonhosted.org/packages/65/1c/35cbb1e696722ec3d7c3fa5cded18bf4da0d3dddf9decd74891ba3af247f/rsloop-0.1.59-cp310-cp310-macosx_13_0_arm64.whl", hash = "sha256:5ecafa2a3ededf82a656de07a2c7b60ec00837c967f0a0573ca1118b8d96320a", size = 2462448, upload-time = "2026-10-07T17:29:26.267Z" },
    { url = "https://files.pythonhosted.org/packages/4d/8c/7ec75dfdec104b948b2fc93606bb6de701bfc980eb07ec5bf794a4127173/rsloop-0.1.59-cp310-cp310-macosx_13_0_x86_64.whl", hash = "sha256:163337d95bd5897104d6d87206b35a2b916a00b6b8e3c351e0cb1103d864d8d6", size = 2601959, upload-time = "2026-10-07T17:29:28.202Z" },
    { url = "https://files.pythonhosted.org/packages/2a/3e/9fdf20629f22d53fab928e02a403e6e8bf4a937edbd965809793f21d0edc/rsloop-0.1.59-cp310-cp310-manylinux_2_39_aarch64.whl", hash = "sha256:6bc1c73ccfb009098ac4cabcda2051e5ded43a139592ee4981b8872761f1e8ec", size = 2544145, upload-time = "2026-10-07T17:29:29.857Z" },
    { url = "https://files.pythonhosted.org/packages/1f/e9/63ad54b6533e692ec33a947adde0def3db956fe47a7154c558fc94e7bbed/rsloop-0.1.59-cp310-cp310-manylinux_2_39_x86_64.whl", hash = "sha256:64ed2a225bad465bed2aca429b6f6f6565458764dc2fdd4bab7991aa1083dd90", size = 2660431, upload-time = "2026-10-07T17:29:31.259Z" },
    { url = "https://files.pythonhosted.org/packages/5f/19/725842eb28b542a3c00e0395c3848c2bca8a936dad042f9f9a237072c818/rsloop-0.1.59-cp310-cp310-win_amd64.whl", hash = "sha256:026195623f1836612aaa7281220fe44997e85a02f41be48a41a5c52199f77b79", size = 2292001, upload-time = "2026-10-07T17:29:32.843Z" },
    { url = "https://files.pythonhosted.org/packages/0f/55/5b5eac818c038d941015476d5d727858124ce6788f3a840ad816c0589b66/rsloop-0.1.59-cp311-cp311-macosx_13_0_arm64.whl", hash = "sha256:58cccdeb80c48f9c0c037ac53645934039d8b130123dbf9c50683cb406e5f320", size = 2463603, upload-time = "2026-10-07T17:29:34.291Z" },
    { url = "https://files.pythonhosted.org/packages/b3/f6/96817a5e11c1257a70dde15af66cb2fcf4729f0adde55f45067b942833fc/rsloop-0.1.59-cp311-cp311-macosx_13_0_x86_64.whl", hash = "sha256:45185e931cfa176933bb0e60b8d5e547c9f55e236c223e229468d93cac53a869", size = 2602788, upload-time = "2026-10-07T17:29:35.857Z" },
    { url = "https://files.pythonhosted.org/packages/23/3a/86b3f06c9bf8bb5f3f7cc1162075749714a145734bce72b9c2a957e8e67d/rsloop-0.1.59-cp311-cp311-manylinux_2_39_aarch64.whl", hash = "sha256:fcebc7574017217f321a49f51b3049af08d5a7283b35a6d36e37803aae92776a", size = 2545159, upload-time = "2026-10-07T17:29:37.443Z" },
    { url = "https://files.pythonhosted.org/packages/fa/fe/7c6d2112a802710a83f3274ea05f084d813f240f74851267d6403493d4cc/rsloop-0.1.59-cp311-cp311-manylinux_2_39_x86_64.whl", hash = "sha256:c577a20153d16a18f2bd4729eb76b6cabad646a5e0f4ffd7a56cb55683e77f04", size = 2661435, upload-time = "2026-10-07T17:29:38.852Z" },
    { url = "https://files.pythonhosted.org/packages/07/3b/35fd4cb409585a51be9b3ba93820363334a35d2eda7d0546f19533325860/rsloop-0.1.59-cp311-cp311-win_amd64.whl", hash = "sha256:8ec520d8e2fb477af90285de088771bd0f02f9ae8c57ca79d73f60ef325060c3", size = 2293025, upload-time = "2026-10-07T17:29:40.416Z" },
    { url = "https://files.pythonhosted.org/packages/85/f3/bfc9179d59a1ed4e8acfe82cad16a6b2aa22542efed6cede3cea96ba943c/rsloop-0.1.59-cp311-cp311-win_arm64.whl", hash = "sha256:cd83d09c4b71f714eb250564fa6b84a5fb0089401dd930116130ec95afb38c34", size = 2311506, upload-time = "2026-10-07T17:29:42.245Z" },
    { url = "https://files.pythonhosted.org/packages/31/9f/9b147b41b43ad8bb384d5c524946d447cea70b2d1d0a594617bbb6b41c99/rsloop-0.1.59-cp312-cp312-macosx_13_0_arm64.whl", hash = "sha256:eeb496468829ebf8178d4cf93963c18fe135809733812484a73556d98801af9c", size = 2449643, upload-time = "2026-10-07T17:29:43.572Z" },
    { url = "https://files.pythonhosted.org/packages/73/ad/9b76b5bff994d90bd4266fb06d975d2b3653cc0aef0f41fac1c917de1a43/rsloop-0.1.59-cp312-cp312-macosx_13_0_x86_64.whl", hash = "sha256:b592ac7d49e381652136d7bfb9691b6ce710670ef81eb6edc3a8e29faca35e65", size = 2632476, upload-time = "2026-10-07T17:29:44.976Z" },
    { url = "https://files.pythonhosted.org/packages/f3/3b/29365a29a95daf7ef801d5e87b59e3c223e69d65cddb926aab8fbaf99451/rsloop-0.1.59-cp312-cp312-manylinux_2_39_aarch64.whl", hash = "sha256:ba6057499475b2efccae982b93e4ad9b60520f6512d122be3c4c0cb601e8da8f", size = 2539803, upload-time = "2026-10-07T17:29:46.512Z" },
    { url = "https://files.pythonhosted.org/packages/b0/b3/09fc0183df2f58639ebc15f508b3f486ab68d09ce28fcec8b785d97a10bf/rsloop-0.1.59-cp312-cp312-manylinux_2_39_x86_64.whl", hash = "sha256:040a7d27b63f547d1fe5986df489cbaebc2ab5d9bef7530b15b678949357ba16", size = 2659176, upload-time = "2026-10-07T17:29:48.23Z" },
    { url = "https://files.pythonhosted.org/packages/81/d0/20a214403a1f40bed1152b3485488a6d36871246d40719e1066325bf6f7f/rsloop-0.1.59-cp312-cp312-win_amd64.whl", hash = "sha256:00ca267fc0d4548f99010a3d7f44761b4d97f8d9d3125a86616239b5ef783b61", size = 2284827, upload-time = "2026-10-07T17:29:49.705Z" },
    { url = "https://files.pythonhosted.org/packages/27/f9/81c93142ed29f8e6100e7b886e8f858ea820e75c8ca51ec977ec5e49bd73/rsloop-0.1.59-cp312-cp312-win_arm64.whl", hash = "sha256:56080e71d20afaea18e7e97a4c10bea78aaf1fe1959076696074db87dba4267c", size = 2301576, upload-time = "2026-10-07T17:29:51.223Z" },
    { url = "https://files.pythonhosted.org/packages/3f/1e/3a18997285310d4c72f174d431e682a18265a2d5524eed22ffcf1ed530d8/rsloop-0.1.59-cp313-cp313-macosx_13_0_arm64.whl", hash = "sha256:2c44258a208e8c7ba7b2013db612d43119bc9740208ea78193f0bb7b52ad312f", size = 2454989, upload-time = "2026-10-07T17:29:52.65Z" },
    { url = "https://files.pythonhosted.org/packages/04/62/54847856467e25cf901bf7025bcf1f8b7e1741a534c61736aa350133855d/rsloop-0.1.59-cp313-cp313-macosx_13_0_x86_64.whl", hash = "sha256:213f4c9d1c43af793599915bbbfb24df5b3a52e558fdfc1934134a2158dd174b", size = 2639456, upload-time = "2026-10-07T17:29:54.32Z" },
    { url = "https://files.pythonhosted.org/packages/24/ce/5276a4cba7c9aea6e816d0416546a545cd870ef5da6b356a959ff432a88a/rsloop-0.1.59-cp313-cp313-manylinux_2_39_aarch64.whl", hash = "sha256:faf1b73e3995427238d7e7633b42f4c30f01324ac90a21c1f16e2a42864c95ad", size = 2545123, upload-time = "2026-10-07T17:29:56.353Z" },
    { url = "https://files.pythonhosted.org/packages/52/41/1e9cc4b2f02f615be75e3972da8b5bb392bd00ca7b64b940f3eb844dfbc8/rsloop-0.1.59-cp313-cp313-manylinux_2_39_x86_64.whl", hash = "sha256:e132770d7b78d70947edbc426c1c718ac43784101865d11f049722d1ee90f1b1", size = 2667152, upload-time = "2026-10-07T17:29:57.735Z" },
    { url = "https://files.pythonhosted.org/packages/38/ad/e4e5bb4ab46e4704b2c46b9f0b066b3e7714add8a73186f5736102860fa2/rsloop-0.1.59-cp313-cp313-win_amd64.whl", hash = "sha256:c331862bd47397cfded0688be10e9d996ee5f36e779fbddf67155592f486607d", size = 2292066, upload-time = "2026-10-07T17:29:59.175Z" },
    { url = "https://files.pythonhosted.org/packages/f5/c6/fedfea94ed0fbbd056011bcb4e96116fd1956df96368ee44abaa4709154f/rsloop-0.1.59-cp313-cp313-win_arm64.whl", hash = "sha256:1927dea32892efe506a70925a5b4338e105a38ee215c8d7f437f6b8c089a7e2e", size = 2307161, upload-time = "2026-10-07T17:30:00.786Z" },
    { url = "https://files.pythonhosted.org/packages/85/70/f39e1060e6f54763857f2d9952e84f852b3faf1265b72c85a63203c32403/rsloop-0.1.59-cp314-cp314-macosx_13_0_arm64.whl", hash = "sha256:2869a279103ae1cd0bdc6b1387ed4f441db85de39960c687b87b00557817cbfc", size = 2453847, upload-time = "2026-10-07T17:30:02.549Z" },
    { url = "https://files.pythonhosted.org/packages/5a/b4/940f564762b3bfd6469545afae0ea4bf4e6e2e31989030967a76c419b09f/rsloop-0.1.59-cp314-cp314-macosx_13_0_x86_64.whl", hash = "sha256:255b53382f52e896acbd333eacf8ae3f488e8417d1c5b41c9772a49e388ff3e4", size = 2637481, upload-time = "2026-10-07T17:30:04.08Z" },
    { url = "https://files.pythonhosted.org/packages/1b/c8/9834e226de5846f4b5a49a70d0a95c4ea6d9f054a4fe1b553ac4faade7e8/rsloop-0.1.59-cp314-cp314-manylinux_2_39_aarch64.whl", hash = "sha256:cf8a539051b32a61923fbeb88f32282b54e8197c6fd3bc0d554cece6f863edea", size = 2544005, upload-time = "2026-10-07T17:30:05.673Z" },
    { url = "https://files.pythonhosted.org/packages/5b/48/44518f93800ec0c774654de36dffe54e78c1f633f8c87a8d9d5683a96097/rsloop-0.1.59-cp314-cp314-manylinux_2_39_x86_64.whl", hash = "sha256:af6b7191966446d75f77c003ba781743b71231e621b6ee412898af5dae8779db", size = 2666297, upload-time = "2026-10-07T17:30:07.526Z" },
    { url = "https://files.pythonhosted.org/packages/ab/93/3fba76bca79f5acfd3f4cc28f48a87f232e970e26ea02b2ad6d1868c995b/rsloop-0.1.59-cp314-cp314-win_amd64.whl", hash = "sha256:55061abeeb0f0d5a94f69062a1f73893e6255bb2915b791c1f66d0e580e9064f", size = 2289887, upload-time = "2026-10-07T17:30:09.339Z" },
    { url = "https://files.pythonhosted.org/packages/b3/10/21c0deb2b1bb6db3fb88ff65a207dec446760f4ba1c5e8e78f04054d23be/rsloop-0.1.59-cp314-cp314-win_arm64.whl", hash = "sha256:d0d41ef4b8614e94eb253ac06100c2c495df998eef2c26e880c3cec49deaaed9", size = 2304956, upload-time = "2026-10-07T17:30:10.866Z" },
    { url = "https://files.pythonhosted.org/packages/5f/8e/fb0ac151e28d736e2a9757d104ba145bf9aeb5edf71eff69112ca0e03d6c/rsloop-0.1.59-cp314-cp314t-macosx_13_0_arm64.whl", hash = "sha256:112741bda43d11df6a5afc26d3c382a20d5991ef10599e0e403b3a6d7e1f0d22", size = 2438567, upload-time = "2026-10-07T17:30:12.296Z" },
    { url = "https://files.pythonhosted.org/packages/61/5c/c0f028158c901dba240b6ba17cff3619efc81d68b1649dbe6689ac766d8e/rsloop-0.1.59-cp314-cp314t-macosx_13_0_x86_64.whl", hash = "sha256:3e7e7586e2ad7627c38d8c46176365a9055ab6ab15af13ad96d0da1a3f586cb8", size = 2625108, upload-time = "2026-10-07T17:30:13.818Z" },
    { url = "https://files.pythonhosted.org/packages/18/ef/1100877562cd6efc89358876c25319b961a981c14ee2c73153f7d133d708/rsloop-0.1.59-cp314-cp314t-manylinux_2_39_aarch64.whl", hash = "sha256:51b16c03bb79e226a9ca9415ec54a7f43d6c1d8fcc2679dcce68cdbcddfbf1bf", size = 2536469, upload-time = "2026-10-07T17:30:15.247Z" },
    { url = "https://files.pythonhosted.org/packages/41/33/896b489ad8b46df0a5a82125f984b640eeaa45151bbbbb9ee41a7efcbe8d/rsloop-0.1.59-cp314-cp314t-manylinux_2_39_x86_64.whl", hash = "sha256:edde99af1ca37e1ad55fb0693b40ce54b465cc289dd119dcfdf1f0bb2004bf9a", size = 2663297, upload-time = "2026-10-07T17:30:16.732Z" },
    { url = "https://files.pythonhosted.org/packages/ad/d7/82573457a5ccf4828f7c150b355fe10a505b0a174b2b103738e2bbc2c5a5/rsloop-0.1.59-cp314-cp314t-win_amd64.whl", hash = "sha256:7ae891c9783f12c8cbb13e107406e01e7d1fd59c93b4dffb514e88fc053c86a2", size = 2281066, upload-time = "2026-10-07T17:30:18.458Z" },
    { url = "https://files.pythonhosted.org/packages/2f/f5/ffeadcee87a0445e6d7e33f045a15ac452e79fa06b6218bb144ba3f6fcae/rsloop-0.1.59-cp315-cp315-macosx_13_0_arm64.whl", hash = "sha256:fc9e95f939adba7bca9a19870663c248824ca8be98ba368310a2deede0936ca6", size = 2453726, upload-time = "2026-10-07T17:30:20.502Z" },
    { url = "https://files.pythonhosted.org/packages/b3/24/f12fdc577800d27a5cb604b91e80112e757556bb544ebe840ff0868344fd/rsloop-0.1.59-cp315-cp315-macosx_13_0_x86_64.whl", hash = "sha256:7b8fe9f763a6c8a98f93af622cf212ca902cfa51b8b4ecba8405330d5d1aad31", size = 2637408, upload-time = "2026-10-07T17:30:22.003Z" },
    { url = "https://files.pythonhosted.org/packages/a0/f3/d87c95bc749173955fb94b61b5ff77fcfadf6840a483b505dc83d8708daf/rsloop-0.1.59-cp315-cp315-manylinux_2_39_aarch64.whl", hash = "sha256:72b57a4b8a7a86af4fda52d3eda26444c8b87ec32dc5b865a005bb093e6800d6", size = 2544132, upload-time = "2026-10-07T17:30:23.424Z" },
    { url = "https://files.pythonhosted.org/packages/b5/f1/9601ec02b6b0db83e5923197214837573cf26e892141e15c8c59ab8251d7/rsloop-0.1.59-cp315-cp315-manylinux_2_39_x86_64.whl", hash = "sha256:35feee622ebb138a3fc4667aa48fd66c433dc6b4394d9116f4b61534392d0ec0", size = 2666412, upload-time = "2026-10-07T17:30:24.995Z" },
    { url = "https://files.pythonhosted.org/packages/d2/07/3be1c780e811457950b85ac1523d0df13f772a86dee841e9aaf3f41c32fa/rsloop-0.1.59-cp315-cp315-win_amd64.whl", hash = "sha256:d8b7dd462be10249a715d5d2d1701041f76948603f1887e4f83cc26a5773dc1d", size = 2289915, upload-time = "2026-10-07T17:30:26.536Z" },
    { url = "https://files.pythonhosted.org/packages/6d/11/eaceda460dc20894db53b8ac3ab126415528b3ad6b02f5c2d03ee45d12f8/rsloop-0.1.59-cp315-cp315-win_arm64.whl", hash = "sha256:564a802a071c546dc0d7f22d4b3029c94b9a2cb3f0afcf51d177446880400361", size = 2305107, upload-time = "2026-10-07T17:30:28.307Z" },
    { url = "https://files.pythonhosted.org/packages/4f/5b/99b99663e8d4d04dd7216b9dab53fc875a6098dc00bc4de2712a6a38dd2c/rsloop-0.1.59-cp315-cp315t-macosx_13_0_arm64.whl", hash = "sha256:a0715fc2d21f951082a5a8e7eb735e120d3af950e79e1685584792e772317f8c", size = 2438837, upload-time = "2026-10-07T17:30:29.9Z" },
    { url = "https://files.pythonhosted.org/packages/6f/1b/c7537dcbaf87278813493c0cd81a8e5c3146950312fde0b205e317844069/rsloop-0.1.59-cp315-cp315t-macosx_13_0_x86_64.whl", hash = "sha256:219ae5b144645737cf1e55f613ee465fd2a74eb38696130796995f9df6eb3f98", size = 2625139, upload-time = "2026-10-07T17:30:31.527Z" },
    { url = "https://files.pythonhosted.org/packages/5c/4a/58b8b0f904fdc5bb313f296c991a826eb2524ac528c42b06811f90460d11/rsloop-0.1.59-cp315-cp315t-manylinux_2_39_aarch64.whl", hash = "sha256:b76ee48deb7fdf0a860d4afe26149a2bf6dbe1e132bf0ea6e934136d353a7d5e", size = 2536596, upload-time = "2026-10-07T17:30:33.028Z" },
    { url = "https://files.pythonhosted.org/packages/a1/01/7b2a4a9effc9741f833f87448e26647f8ee617b7f6fa5a874825de0abab3/rsloop-0.1.59-cp315-cp315t-manylinux_2_39_x86_64.whl", hash = "sha256:0d022fdef74e3953afdd0fb3e7300c239e20d84058ae07332387120310f8128c", size = 2663400, upload-time = "2026-10-07T17:30:34.774Z" },
    { url = "https://files.pythonhosted.org/packages/46/00/aedfd34d6d943dba5976c2cbe9f2d58a10c82187dfcee6f375e15248d848/rsloop-0.1.59-cp315-cp315t-win_amd64.whl", hash = "sha256:423998fedf242f65672aad6aeafcfc482dccc92b38b27ffc7567559a6f3305b0", size = 2281165, upload-time = "2026-10-07T17:30:36.537Z" },
]

[[package]]
name = "rsloop-rust-proxychecker"
version = "0.1.0"
source = { editable = "." }
dependencies = [
    { name = "rsloop" },
]

[package.dev-dependencies]
dev = [
    { name = "ruff" },
]

[package.metadata]
requires-dist = [{ name = "rsloop", specifier = ">=0.1.56" }]

[package.metadata.requires-dev]
dev = [{ name = "ruff", specifier = ">=0.15.8" }]

[[package]]
name = "ruff"
version = "0.15.8"
source = { registry = "https://pypi.org/simple" }
sdist = { url = "https://files.pythonhosted.org/packages/14/b0/73cf7550861e2b4824950b8b52eebdcc5adc792a00c514406556c5b80817/ruff-0.15.8.tar.gz", hash = "sha256:995f11f63597ee362130d1d5a327a87cb6f3f5eae3094c620bcc632329a4d26e", size = 4610921, upload-time = "2026-03-26T18:39:38.675Z" }
wheels = [
    { url = "https://files.pythonhosted.org/packages/4a/92/c445b0cd6da6e7ae51e954939cb69f97e008dbe750cfca89b8cedc081be7/ruff-0.15.8-py3-none-linux_armv6l.whl", hash = "sha256:cbe05adeba76d58162762d6b239c9056f1a15a55bd4b346cfd21e26cd6ad7bc7", size = 10527394, upload-time = "2026-03-26T18:39:41.566Z" },
    { url = "https://files.pythonhosted.org/packages/eb/92/f1c662784d149ad1414cae450b082cf736430c12ca78367f20f5ed569d65/ruff-0.15.8-py3-none-macosx_10_12_x86_64.whl", hash = "sha256:d3e3d0b6ba8dca1b7ef9ab80a28e840a20070c4b62e56d675c24f366ef330570", size = 10905693, upload-time = "2026-03-26T18:39:30.364Z" },
    { url = "https://files.pythonhosted.org/packages/ca/f2/7a631a8af6d88bcef997eb1bf87cc3da158294c57044aafd3e17030613de/ruff-0.15.8-py3-none-macosx_11_0_arm64.whl", hash = "sha256:6ee3ae5c65a42f273f126686353f2e08ff29927b7b7e203b711514370d500de3", size = 10323044, upload-time = "2026-03-26T18:39:33.37Z" },
    { url = "https://files.pythonhosted.org/packages/67/18/1bf38e20914a05e72ef3b9569b1d5c70a7ef26cd188d69e9ca8ef588d5bf/ruff-0.15.8-py3-none-manylinux_2_17_aarch64.manylinux2014_aarch64.whl", hash = "sha256:fdce027ada77baa448077ccc6ebb2fa9c3c62fd110d8659d601cf2f475858d94", size = 10629135, upload-time = "2026-03-26T18:39:44.142Z" },
    { url = "https://files.pythonhosted.org/packages/d2/e9/138c150ff9af60556121623d41aba18b7b57d95ac032e177b6a53789d279/ruff-0.15.8-py3-none-manylinux_2_17_armv7l.manylinux2014_armv7l.whl", hash = "sha256:12e617fc01a95e5821648a6df341d80456bd627bfab8a829f7cfc26a14a4b4a3", size = 10348041, upload-time = "2026-03-26T18:39:52.178Z" },
    { url = "https://files.pythonhosted.org/packages/02/f1/5bfb9298d9c323f842c5ddeb85f1f10ef51516ac7a34ba446c9347d898df/ruff-0.15.8-py3-none-manylinux_2_17_i686.manylinux2014_i686.whl", hash = "sha256:432701303b26416d22ba696c39f2c6f12499b89093b61360abc34bcc9bf07762", size = 11121987, upload-time = "2026-03-26T18:39:55.195Z" },
    { url = "https://files.pythonhosted.org/packages/10/11/6da2e538704e753c04e8d86b1fc55712fdbdcc266af1a1ece7a51fff0d10/ruff-0.15.8-py3-none-manylinux_2_17_ppc64le.manylinux2014_ppc64le.whl", hash = "sha256:d910ae974b7a06a33a057cb87d2a10792a3b2b3b35e33d2699fdf63ec8f6b17a", size = 11951057, upload-time = "2026-03-26T18:39:19.18Z" },
    { url = "https://files.pythonhosted.org/packages/83/f0/c9208c5fd5101bf87002fed774ff25a96eea313d305f1e5d5744698dc314/ruff-0.15.8-py3-none-manylinux_2_17_s390x.manylinux2014_s390x.whl", hash = "sha256:2033f963c43949d51e6fdccd3946633c6b37c484f5f98c3035f49c27395a8ab8", size = 11464613, upload-time = "2026-03-26T18:40:06.301Z" },
    { url = "https://files.pythonhosted.org/packages/f8/22/d7f2fabdba4fae9f3b570e5605d5eb4500dcb7b770d3217dca4428484b17/ruff-0.15.8-py3-none-manylinux_2_17_x86_64.manylinux2014_x86_64.whl", hash = "sha256:0f29b989a55572fb885b77464cf24af05500806ab4edf9a0fd8977f9759d85b1", size = 11257557, upload-time = "2026-03-26T18:39:57.972Z" },
    { url = "https://files.pythonhosted.org/packages/71/8c/382a9620038cf6906446b23ce8632ab8c0811b8f9d3e764f58bedd0c9a6f/ruff-0.15.8-py3-none-manylinux_2_31_riscv64.whl", hash = "sha256:ac51d486bf457cdc985a412fb1801b2dfd1bd8838372fc55de64b1510eff4bec", size = 11169440, upload-time = "2026-03-26T18:39:22.205Z" },
    { url = "https://files.pythonhosted.org/packages/4d/0d/0994c802a7eaaf99380085e4e40c845f8e32a562e20a38ec06174b52ef24/ruff-0.15.8-py3-none-musllinux_1_2_aarch64.whl", hash = "sha256:c9861eb959edab053c10ad62c278835ee69ca527b6dcd72b47d5c1e5648964f6", size = 10605963, upload-time = "2026-03-26T18:39:46.682Z" },
    { url = "https://files.pythonhosted.org/packages/19/aa/d624b86f5b0aad7cef6bbf9cd47a6a02dfdc4f72c92a337d724e39c9d14b/ruff-0.15.8-py3-none-musllinux_1_2_armv7l.whl", hash = "sha256:8d9a5b8ea13f26ae90838afc33f91b547e61b794865374f114f349e9036835fb", size = 10357484, upload-time = "2026-03-26T18:39:49.176Z" },
    { url = "https://files.pythonhosted.org/packages/35/c3/e0b7835d23001f7d999f3895c6b569927c4d39912286897f625736e1fd04/ruff-0.15.8-py3-none-musllinux_1_2_i686.whl", hash = "sha256:c2a33a529fb3cbc23a7124b5c6ff121e4d6228029cba374777bd7649cc8598b8", size = 10830426, upload-time = "2026-03-26T18:40:03.702Z" },
    { url = "https://files.pythonhosted.org/packages/f0/51/ab20b322f637b369383adc341d761eaaa0f0203d6b9a7421cd6e783d81b9/ruff-0.15.8-py3-none-musllinux_1_2_x86_64.whl", hash = "sha256:75e5cd06b1cf3f47a3996cfc999226b19aa92e7cce682dcd62f80d7035f98f49", size = 11345125, upload-time = "2026-03-26T18:39:27.799Z" },
    { url = "https://files.pythonhosted.org/packages/37/e6/90b2b33419f59d0f2c4c8a48a4b74b460709a557e8e0064cf33ad894f983/ruff-0.15.8-py3-none-win32.whl", hash = "sha256:bc1f0a51254ba21767bfa9a8b5013ca8149dcf38092e6a9eb704d876de94dc34", size = 10571959, upload-time = "2026-03-26T18:39:36.117Z" },
    { url = "https://files.pythonhosted.org/packages/1f/a2/ef467cb77099062317154c63f234b8a7baf7cb690b99af760c5b68b9ee7f/ruff-0.15.8-py3-none-win_amd64.whl", hash = "sha256:04f79eff02a72db209d47d665ba7ebcad609d8918a134f86cb13dd132159fc89", size = 11743893, upload-time = "2026-03-26T18:39:25.01Z" },
    { url = "https://files.pythonhosted.org/packages/15/e2/77be4fff062fa78d9b2a4dea85d14785dac5f1d0c1fb58ed52331f0ebe28/ruff-0.15.8-py3-none-win_arm64.whl", hash = "sha256:cf891fa8e3bb430c0e7fac93851a5978fc99c8fa2c053b57b118972866f8e5f2", size = 11048175, upload-time = "2026-03-26T18:40:01.06Z" },
]
