version = 1
revision = 3
requires-python = ">=3.8"

[[package]]
name = "rsloop"
version = "0.1.14"
source = { registry = "https://pypi.org/simple" }
sdist = { url = "https://files.pythonhosted.org/packages/65/e8/fa01b8eaaca37bf5b34bf1793f84a6fd907d7c2d43b5c45dec9b0a85a3c3/rsloop-0.1.14.tar.gz", hash = "sha256:3f03e3225c5f2fba67227664dc265c53c4529e2aa9db96a8955c7b30ac5baf49", size = 325737, upload-time = "2026-03-30T12:02:59.732Z" }
wheels = [
    { url = "https://files.pythonhosted.org/packages/db/61/4b30244061c2cc70ccfd2a78781664ae7467d512080e646d07490988887d/rsloop-0.1.14-cp310-cp310-macosx_10_12_x86_64.whl", hash = "sha256:a99364a23f05f9cdbcf40c8d0746d471e4bb0d53bc3f14ca6b53ccdfc1492e16", size = 2535377, upload-time = "2026-03-30T12:01:48.545Z" },
    { url = "https://files.pythonhosted.org/packages/e7/a5/b38e208ecf6a400f05315d9d306de79a1bc2529cea6b17f809db525d0f7b/rsloop-0.1.14-cp310-cp310-macosx_11_0_arm64.whl", hash = "sha256:434dea91e14bcb4d99438c2afcabfe91262428d6625e17b23305851a987ddfa4", size = 2384485, upload-time = "2026-03-30T12:01:50.308Z" },
    { url = "https://files.pythonhosted.org/packages/39/a4/f4e51388bf494e0957336a53028257f074701f1bdcd1369f9fdc3e4ea3c7/rsloop-0.1.14-cp310-cp310-manylinux_2_39_aarch64.whl", hash = "sha256:64c402b5e12ee33500523c0f572d109eb1734d78eacfa2ee1c3d6b9fe4349fe2", size = 2474747, upload-time = "2026-03-30T12:01:51.694Z" },
    { url = "https://files.pythonhosted.org/packages/39/af/e2581a5320a4b77fb0a8c57ff745ea97788a88314db6a47f4f174dc2e3eb/rsloop-0.1.14-cp310-cp310-manylinux_2_39_x86_64.whl", hash = "sha256:273c6132b91a493ffcc8286e6437986578f1a567acb23c10e048b52653a80365", size = 2609173, upload-time = "2026-03-30T12:01:53.304Z" },
    { url = "https://files.pythonhosted.org/packages/7c/78/f5a4e74635d7aca451c5e51665a2efc115dee917c78b61e6ea87d34fdc45/rsloop-0.1.14-cp310-cp310-win_amd64.whl", hash = "sha256:be264d859c3af7b3238297d55fc0c9b8cb951a235c054d2b5baa19782024196f", size = 2208848, upload-time = "2026-03-30T12:01:54.75Z" },
    { url = "https://files.pythonhosted.org/packages/2c/93/aa5eff7fc5fb9734f3fbb315a9e78091c8cbd3b49196a147c6db83f200fe/rsloop-0.1.14-cp311-cp311-macosx_10_12_x86_64.whl", hash = "sha256:dcd117c59ff0ae8bc0ac302fc7e89d60fd2d7ba590676fd0d35c62de547887ab", size = 2535329, upload-time = "2026-03-30T12:01:56.104Z" },
    { url = "https://files.pythonhosted.org/packages/15/02/cb3f933bd3a0cb6c0b039c850843113895e869cbfea5c658553871191348/rsloop-0.1.14-cp311-cp311-macosx_11_0_arm64.whl", hash = "sha256:7a6a9422345d5071ff5c2d68e9e44b706c5cf1a238df61d949c5b703aa884534", size = 2384371, upload-time = "2026-03-30T12:01:57.686Z" },
    { url = "https://files.pythonhosted.org/packages/a7/bd/defb8e19f04abbd045cf998d4f85daa1caeb3701d5ad62f479b0ed3cef90/rsloop-0.1.14-cp311-cp311-manylinux_2_39_aarch64.whl", hash = "sha256:e740e6ef470bc8ab9aa85654eafc2e6b4cf237a8904e74d412c77124a70113dc", size = 2475602, upload-time = "2026-03-30T12:01:59.099Z" },
    { url = "https://files.pythonhosted.org/packages/23/35/95cbde90886bb8df9505a1cae99eae7df633b5f499581e3cc22bd2640056/rsloop-0.1.14-cp311-cp311-manylinux_2_39_x86_64.whl", hash = "sha256:18493b86e674330420f290631125b37f56a365a357b52c756a545da8dbed9679", size = 2610116, upload-time = "2026-03-30T12:02:00.435Z" },
    { url = "https://files.pythonhosted.org/packages/5b/1e/f531663f67be718dbcc79a68d82168e6992d65f8f723ebf226b02d58ce3b/rsloop-0.1.14-cp311-cp311-win_amd64.whl", hash = "sha256:d82dda06c50cd53c64c1b8b106cba352965ae9927211c4d187e86bfc67e86d3a", size = 2208821, upload-time = "2026-03-30T12:02:02.471Z" },
    { url = "https://files.pythonhosted.org/packages/cd/17/cd2792740a92d7cdd046ffff2700dbb66e87e792f48edd1885a11019c193/rsloop-0.1.14-cp311-cp311-win_arm64.whl", hash = "sha256:8ed141b0726ed7a7fbe7469ad4b6e52961a109f717845a604869c1bf6bfc8a96", size = 2266106, upload-time = "2026-03-30T12:02:04.083Z" },
    { url = "https://files.pythonhosted.org/packages/52/d2/6f7b577caba2e2363e2f497ba0544fac1ecf2cd9a43fefb7e536e1371126/rsloop-0.1.14-cp312-cp312-macosx_10_12_x86_64.whl", hash = "sha256:a81ef2fcbbb11a0f92d21a0788d7be4ad454cd3a64f22071c57c0c77a0c4dc8c", size = 2538584, upload-time = "2026-03-30T12:02:05.741Z" },
    { url = "https://files.pythonhosted.org/packages/1d/7b/929639954b02d6904a1e7c367dbc6b45add6ff46e196188de4e910059411/rsloop-0.1.14-cp312-cp312-macosx_11_0_arm64.whl", hash = "sha256:c0b902d84cda2fccc85857602de64b0850e4a75a7ef8f270eeda601df57836bb", size = 2384043, upload-time = "2026-03-30T12:02:07.464Z" },
    { url = "https://files.pythonhosted.org/packages/11/86/674cd68b907d8540aed8a56069e61675c828e4d37308879b645979d12328/rsloop-0.1.14-cp312-cp312-manylinux_2_39_aarch64.whl", hash = "sha256:6c50e44ab4381fce49ffb030de7a86d6b1e76a0dee5995b69c9e6489357158eb", size = 2484291, upload-time = "2026-03-30T12:02:09.113Z" },
    { url = "https://files.pythonhosted.org/packages/88/bd/5ea8f6b0fbbc3bcd69eff28ca9406726b6a8b48dbdf9e0d781edd1cfc7f7/rsloop-0.1.14-cp312-cp312-manylinux_2_39_x86_64.whl", hash = "sha256:f9d272473bddeeb160d4484af939aed2ad3995b2b73921fcdadd42a85924dd6b", size = 2621691, upload-time = "2026-03-30T12:02:10.972Z" },
    { url = "https://files.pythonhosted.org/packages/04/cd/d30a85f2491987e7b6edfbd2e7cba6f4abf8fe05dfcfd6da853cf6e1c354/rsloop-0.1.14-cp312-cp312-win_amd64.whl", hash = "sha256:325e4afe88737c592a8f9453a1993d1d324981d5a7a548fc575ca02b0a162fd2", size = 2208971, upload-time = "2026-03-30T12:02:12.417Z" },
    { url = "https://files.pythonhosted.org/packages/b1/48/46a4c4b95a9001ecea60ca9cf0d2d6ff635c77df93a0a0020f09cd1eb093/rsloop-0.1.14-cp312-cp312-win_arm64.whl", hash = "sha256:ab5cee828a07e5d312b46f7e11bbf0452a7072aa54b93eb89d88115afa02b719", size = 2265181, upload-time = "2026-03-30T12:02:13.865Z" },
    { url = "https://files.pythonhosted.org/packages/8a/ca/92b6476bce481e4d3477a72c14e5437613e03c6c73f35e9c04489068301c/rsloop-0.1.14-cp313-cp313-macosx_10_12_x86_64.whl", hash = "sha256:0a38cfd15114dd4a7456a95edc990bd4ecadc526b646c54c9a307c9b41a22572", size = 2538044, upload-time = "2026-03-30T12:02:15.544Z" },
    { url = "https://files.pythonhosted.org/packages/12/64/7aa6e58eedca65e7a803b76742736b0a7cd17f70f61de18bddde47221267/rsloop-0.1.14-cp313-cp313-macosx_11_0_arm64.whl", hash = "sha256:00e8059f499a91aab0cb3750e0131cd5bd3827ba5e78e45e67f4878f97ba7bc3", size = 2383614, upload-time = "2026-03-30T12:02:17.234Z" },
    { url = "https://files.pythonhosted.org/packages/98/86/82c06d8afe51bc0404ce7f40179babd7f42ca9d8fdfb485cf6d0e7245431/rsloop-0.1.14-cp313-cp313-manylinux_2_39_aarch64.whl", hash = "sha256:fc8e53f617cc2d952ad5107c33e7b6a778a917d7b8f996b7cb9867eec8db80cd", size = 2483907, upload-time = "2026-03-30T12:02:18.997Z" },
    { url = "https://files.pythonhosted.org/packages/f5/b8/58cc1f957e6c544d5ee717cc9c44cf443134a984e5af59d403e2dccb0bba/rsloop-0.1.14-cp313-cp313-manylinux_2_39_x86_64.whl", hash = "sha256:2022fd1373ca764e944e090adde72930dcad01643c5a48021027c06e97450e55", size = 2621240, upload-time = "2026-03-30T12:02:20.702Z" },
    { url = "https://files.pythonhosted.org/packages/ad/68/bfa44c445825b0b1b4d4571cd4d1a23813775c1de64fbdab15551b1973f3/rsloop-0.1.14-cp313-cp313-win_amd64.whl", hash = "sha256:78d019ef329fe6b12aa751af31461e819d956ec0896824d5508a4a911e15f5a1", size = 2208419, upload-time = "2026-03-30T12:02:22.293Z" },
    { url = "https://files.pythonhosted.org/packages/28/46/c2c64fa5a402c9f85f6283d205e2efb6d78105d1fdb6a51d318475368924/rsloop-0.1.14-cp313-cp313-win_arm64.whl", hash = "sha256:a5299c7ec4fbb4dbc259c1571f5dfa3233880e6569c9ccdf3f9f3c78f5b47a4e", size = 2264466, upload-time = "2026-03-30T12:02:23.606Z" },
    { url = "https://files.pythonhosted.org/packages/4a/ce/d5ac1969fe77f2caf70ae23210ec95607ee3426f842c4ccdbcee4faf3718/rsloop-0.1.14-cp314-cp314-macosx_10_12_x86_64.whl", hash = "sha256:842ec12e279b3bf67d8d0557e7ddbceb795a34d88d33f370bb60a1cb8e334c6f", size = 2533617, upload-time = "2026-03-30T12:02:24.93Z" },
    { url = "https://files.pythonhosted.org/packages/3c/cb/782c4dc1b4a3dfeec32656151c9c7bf7bc65b8f8eb3962e8ec15d43901a2/rsloop-0.1.14-cp314-cp314-macosx_11_0_arm64.whl", hash = "sha256:fad090b15cc6c8be7a57e332aa35b9c7e3904f8fe04132d41f8d039efcc794d8", size = 2379348, upload-time = "2026-03-30T12:02:26.407Z" },
    { url = "https://files.pythonhosted.org/packages/97/7b/d0280c00c65656a54c1c3b978b7037b2ba38fe122132f5c6866634521ff8/rsloop-0.1.14-cp314-cp314-manylinux_2_39_aarch64.whl", hash = "sha256:9038518236d918928ba1c61698192063cf82ff6929fb509f9cc0c72101d39ca7", size = 2480220, upload-time = "2026-03-30T12:02:27.783Z" },
    { url = "https://files.pythonhosted.org/packages/6d/90/316e030650bc74118ae65f586d6d98cb1aa488835298cf994255ac05bfe7/rsloop-0.1.14-cp314-cp314-manylinux_2_39_x86_64.whl", hash = "sha256:3fa78597dc18c2b3696b847efa86db82a375809e47c4fc4b8e145d5e4698a203", size = 2617807, upload-time = "2026-03-30T12:02:29.237Z" },
    { url = "https://files.pythonhosted.org/packages/04/82/bcf5cd41c1952ca032adb1c0a1683f324099d6050f0803e53f233ac67d4a/rsloop-0.1.14-cp314-cp314-win_amd64.whl", hash = "sha256:d07f9219117ade0eb9eb79590d5d819dfcb1b4aed7521ffcbee5b35286d705e6", size = 2206492, upload-time = "2026-03-30T12:02:30.601Z" },
    { url = "https://files.pythonhosted.org/packages/94/39/f940535e4843a09f571e62139180634563c773964000ba1aea87e477476a/rsloop-0.1.14-cp314-cp314-win_arm64.whl", hash = "sha256:0b1b0ff7ccf5fa969b676ba3d2171a42c7ce2f74320405b46e435f58aca3e1ce", size = 2262192, upload-time = "2026-03-30T12:02:32.161Z" },
    { url = "https://files.pythonhosted.org/packages/3a/93/87fd9bb5a4a1abdc162ce61e0d36e74d31def85b5910a749e84a3b3f9faf/rsloop-0.1.14-cp314-cp314t-macosx_10_12_x86_64.whl", hash = "sha256:1681cd7c22484d1ba0487e446c3788face488f9ca74a189c8bf3bc786cb00c83", size = 2519893, upload-time = "2026-03-30T12:02:33.801Z" },
    { url = "https://files.pythonhosted.org/packages/db/35/4703c6f0b084d806ff3e8d90576174517ce1516201ed8dcdee4f2c727d3a/rsloop-0.1.14-cp314-cp314t-macosx_11_0_arm64.whl", hash = "sha256:367ad43e590ced5d608bc9ce5fefb0753ab0cad9abfa4f67759499ead46802ef", size = 2367665, upload-time = "2026-03-30T12:02:35.719Z" },
    { url = "https://files.pythonhosted.org/packages/2f/c9/27b04013e7200a18006e133f96d278fb57d2c95428f99c16de5939a9b50d/rsloop-0.1.14-cp314-cp314t-manylinux_2_39_aarch64.whl", hash = "sha256:15f1d00f9e4bd80f88dc25429f041a9b1bb69c8f65dc405e55427c90f70ce2f8", size = 2467427, upload-time = "2026-03-30T12:02:37.462Z" },
    { url = "https://files.pythonhosted.org/packages/6e/66/366ce42bd268902ef63e68bdac3feb3e21b4ae2443520b075f059cd0e85b/rsloop-0.1.14-cp314-cp314t-manylinux_2_39_x86_64.whl", hash = "sha256:4b1b3acfbebfcc856ca1685621e1b8909470cba6093461bc68b71c385c10f0c6", size = 2609639, upload-time = "2026-03-30T12:02:39.303Z" },
    { url = "https://files.pythonhosted.org/packages/f8/7d/9c531f8e0d9b07f9721e7f2d574204eb2bf084694ec40c7310aed08fa092/rsloop-0.1.14-cp314-cp314t-win_amd64.whl", hash = "sha256:7d1dc20c9040bc0a13ee213a5bac7cc108eaef178402c68ccf87c87ca5465f24", size = 2197083, upload-time = "2026-03-30T12:02:40.995Z" },
    { url = "https://files.pythonhosted.org/packages/a0/3f/9a33650320023b0a1a036dd742c30e38191627f1d9ca22122fe77f734b03/rsloop-0.1.14-cp314-cp314t-win_arm64.whl", hash = "sha256:26c13131199b660a2ace836c703cc2fe5db184685335908f6109751121e3a753", size = 2247666, upload-time = "2026-03-30T12:02:42.32Z" },
    { url = "https://files.pythonhosted.org/packages/b2/93/78f39636f8bb2de8d3a74f8102dcbfdae4f3207b80d7c351cb603f421d1e/rsloop-0.1.14-cp38-cp38-macosx_10_12_x86_64.whl", hash = "sha256:3167002986161de532ca812622081ed7ee16eda0de1a56fd071b0d2bc782e130", size = 2539474, upload-time = "2026-03-30T12:02:43.827Z" },
    { url = "https://files.pythonhosted.org/packages/7a/a8/ed9e9b6ec99d0bba2205d12695856ec0e898152ec9d565f2babfdd9f0ef2/rsloop-0.1.14-cp38-cp38-macosx_11_0_arm64.whl", hash = "sha256:114a4903d391ade4b0e40516aa64271dc52ef31861c1882b7474a1122ce8c159", size = 2387540, upload-time = "2026-03-30T12:02:45.527Z" },
    { url = "https://files.pythonhosted.org/packages/9d/b3/d73e73ed0f5176113b1414a492e47c78f9a032b1f64b12b282c11f87c9d6/rsloop-0.1.14-cp38-cp38-manylinux_2_39_aarch64.whl", hash = "sha256:2540612ee61aee282af4088e44b27e603fd8c92ad85cd25081fa254b227287cc", size = 2477819, upload-time = "2026-03-30T12:02:46.889Z" },
    { url = "https://files.pythonhosted.org/packages/cc/d7/e100bdb1c689fb61a186196d545ff716a27705a5213322fa23bec53b71db/rsloop-0.1.14-cp38-cp38-manylinux_2_39_x86_64.whl", hash = "sha256:acb304352bffaf7c50348f0124d20270720dcac0ea1701b797fc392fa442fe81", size = 2612599, upload-time = "2026-03-30T12:02:48.59Z" },
    { url = "https://files.pythonhosted.org/packages/78/d3/0a2b5f39deadab7aa236ccf99635c4ecf1bacc00df08ee188613a0865774/rsloop-0.1.14-cp38-cp38-win_amd64.whl", hash = "sha256:d251a568d55ea9bd575608f551373388a778c46e3c4b8b0221e4d414288657da", size = 2212008, upload-time = "2026-03-30T12:02:50.041Z" },
    { url = "https://files.pythonhosted.org/packages/a8/15/2473fd00249d261f7e07f7523000e55c30c1c1c114a2d328290326b31db5/rsloop-0.1.14-cp39-cp39-macosx_10_12_x86_64.whl", hash = "sha256:4e9ec458d016781198de0fed07100d196993706859c2bc159dbe8f4e93465bb1", size = 2538564, upload-time = "2026-03-30T12:02:51.834Z" },
    { url = "https://files.pythonhosted.org/packages/74/ea/bc3266210f7f72a66553e37f09367378be867c70c2edc180b69a8af061dc/rsloop-0.1.14-cp39-cp39-macosx_11_0_arm64.whl", hash = "sha256:08d5c364f13da115fade0a070d71711615344639a68372eee758a22e1a83cfa2", size = 2387304, upload-time = "2026-03-30T12:02:53.381Z" },
    { url = "https://files.pythonhosted.org/packages/29/3f/878860ee659aeca966beb63e1d8001a2b3dc17097bcc0f7dd94df77032d7/rsloop-0.1.14-cp39-cp39-manylinux_2_39_aarch64.whl", hash = "sha256:c13b5172cae2effba012637b2019dd78cb681d38d235920482d3936c2c5b68dd", size = 2477800, upload-time = "2026-03-30T12:02:54.783Z" },
    { url = "https://files.pythonhosted.org/packages/c3/9a/901ccfaf419067dc9bf8f9f82eade9310efa3ba2ac310af824e270bf8f68/rsloop-0.1.14-cp39-cp39-manylinux_2_39_x86_64.whl", hash = "sha256:b2d67543859b3d87d18bd98729d667eca7ff6c1f8533ac9400b9fd013b300728", size = 2612558, upload-time = "2026-03-30T12:02:56.194Z" },
    { url = "https://files.pythonhosted.org/packages/f0/85/74beb1aec1d8282949fbe7c50b06abd7a4724a4fa311a498d4635b9f3519/rsloop-0.1.14-cp39-cp39-win_amd64.whl", hash = "sha256:db1d57081ddede30615a338500a90ad925ce62ac40d8d5fd673a727948b90e3b", size = 2212907, upload-time = "2026-03-30T12:02:57.955Z" },
]

[[package]]
name = "rsloop-rust-proxychecker"
version = "0.1.0"
source = { editable = "." }
dependencies = [
    { name = "rsloop" },
]

[package.dev-dependencies]
dev = [
    { name = "ruff" },
]

[package.metadata]
requires-dist = [{ name = "rsloop", specifier = ">=0.1.14" }]

[package.metadata.requires-dev]
dev = [{ name = "ruff", specifier = ">=0.15.8" }]

[[package]]
name = "ruff"
version = "0.15.8"
source = { registry = "https://pypi.org/simple" }
sdist = { url = "https://files.pythonhosted.org/packages/14/b0/73cf7550861e2b4824950b8b52eebdcc5adc792a00c514406556c5b80817/ruff-0.15.8.tar.gz", hash = "sha256:995f11f63597ee362130d1d5a327a87cb6f3f5eae3094c620bcc632329a4d26e", size = 4610921, upload-time = "2026-03-26T18:39:38.675Z" }
wheels = [
    { url = "https://files.pythonhosted.org/packages/4a/92/c445b0cd6da6e7ae51e954939cb69f97e008dbe750cfca89b8cedc081be7/ruff-0.15.8-py3-none-linux_armv6l.whl", hash = "sha256:cbe05adeba76d58162762d6b239c9056f1a15a55bd4b346cfd21e26cd6ad7bc7", size = 10527394, upload-time = "2026-03-26T18:39:41.566Z" },
    { url = "https://files.pythonhosted.org/packages/eb/92/f1c662784d149ad1414cae450b082cf736430c12ca78367f20f5ed569d65/ruff-0.15.8-py3-none-macosx_10_12_x86_64.whl", hash = "sha256:d3e3d0b6ba8dca1b7ef9ab80a28e840a20070c4b62e56d675c24f366ef330570", size = 10905693, upload-time = "2026-03-26T18:39:30.364Z" },
    { url = "https://files.pythonhosted.org/packages/ca/f2/7a631a8af6d88bcef997eb1bf87cc3da158294c57044aafd3e17030613de/ruff-0.15.8-py3-none-macosx_11_0_arm64.whl", hash = "sha256:6ee3ae5c65a42f273f126686353f2e08ff29927b7b7e203b711514370d500de3", size = 10323044, upload-time = "2026-03-26T18:39:33.37Z" },
    { url = "https://files.pythonhosted.org/packages/67/18/1bf38e20914a05e72ef3b9569b1d5c70a7ef26cd188d69e9ca8ef588d5bf/ruff-0.15.8-py3-none-manylinux_2_17_aarch64.manylinux2014_aarch64.whl", hash = "sha256:fdce027ada77baa448077ccc6ebb2fa9c3c62fd110d8659d601cf2f475858d94", size = 10629135, upload-time = "2026-03-26T18:39:44.142Z" },
    { url = "https://files.pythonhosted.org/packages/d2/e9/138c150ff9af60556121623d41aba18b7b57d95ac032e177b6a53789d279/ruff-0.15.8-py3-none-manylinux_2_17_armv7l.manylinux2014_armv7l.whl", hash = "sha256:12e617fc01a95e5821648a6df341d80456bd627bfab8a829f7cfc26a14a4b4a3", size = 10348041, upload-time = "2026-03-26T18:39:52.178Z" },
    { url = "https://files.pythonhosted.org/packages/02/f1/5bfb9298d9c323f842c5ddeb85f1f10ef51516ac7a34ba446c9347d898df/ruff-0.15.8-py3-none-manylinux_2_17_i686.manylinux2014_i686.whl", hash = "sha256:432701303b26416d22ba696c39f2c6f12499b89093b61360abc34bcc9bf07762", size = 11121987, upload-time = "2026-03-26T18:39:55.195Z" },
    { url = "https://files.pythonhosted.org/packages/10/11/6da2e538704e753c04e8d86b1fc55712fdbdcc266af1a1ece7a51fff0d10/ruff-0.15.8-py3-none-manylinux_2_17_ppc64le.manylinux2014_ppc64le.whl", hash = "sha256:d910ae974b7a06a33a057cb87d2a10792a3b2b3b35e33d2699fdf63ec8f6b17a", size = 11951057, upload-time = "2026-03-26T18:39:19.18Z" },
    { url = "https://files.pythonhosted.org/packages/83/f0/c9208c5fd5101bf87002fed774ff25a96eea313d305f1e5d5744698dc314/ruff-0.15.8-py3-none-manylinux_2_17_s390x.manylinux2014_s390x.whl", hash = "sha256:2033f963c43949d51e6fdccd3946633c6b37c484f5f98c3035f49c27395a8ab8", size = 11464613, upload-time = "2026-03-26T18:40:06.301Z" },
    { url = "https://files.pythonhosted.org/packages/f8/22/d7f2fabdba4fae9f3b570e5605d5eb4500dcb7b770d3217dca4428484b17/ruff-0.15.8-py3-none-manylinux_2_17_x86_64.manylinux2014_x86_64.whl", hash = "sha256:0f29b989a55572fb885b77464cf24af05500806ab4edf9a0fd8977f9759d85b1", size = 11257557, upload-time = "2026-03-26T18:39:57.972Z" },
    { url = "https://files.pythonhosted.org/packages/71/8c/382a9620038cf6906446b23ce8632ab8c0811b8f9d3e764f58bedd0c9a6f/ruff-0.15.8-py3-none-manylinux_2_31_riscv64.whl", hash = "sha256:ac51d486bf457cdc985a412fb1801b2dfd1bd8838372fc55de64b1510eff4bec", size = 11169440, upload-time = "2026-03-26T18:39:22.205Z" },
    { url = "https://files.pythonhosted.org/packages/4d/0d/0994c802a7eaaf99380085e4e40c845f8e32a562e20a38ec06174b52ef24/ruff-0.15.8-py3-none-musllinux_1_2_aarch64.whl", hash = "sha256:c9861eb959edab053c10ad62c278835ee69ca527b6dcd72b47d5c1e5648964f6", size = 10605963, upload-time = "2026-03-26T18:39:46.682Z" },
    { url = "https://files.pythonhosted.org/packages/19/aa/d624b86f5b0aad7cef6bbf9cd47a6a02dfdc4f72c92a337d724e39c9d14b/ruff-0.15.8-py3-none-musllinux_1_2_armv7l.whl", hash = "sha256:8d9a5b8ea13f26ae90838afc33f91b547e61b794865374f114f349e9036835fb", size = 10357484, upload-time = "2026-03-26T18:39:49.176Z" },
    { url = "https://files.pythonhosted.org/packages/35/c3/e0b7835d23001f7d999f3895c6b569927c4d39912286897f625736e1fd04/ruff-0.15.8-py3-none-musllinux_1_2_i686.whl", hash = "sha256:c2a33a529fb3cbc23a7124b5c6ff121e4d6228029cba374777bd7649cc8598b8", size = 10830426, upload-time = "2026-03-26T18:40:03.702Z" },
    { url = "https://files.pythonhosted.org/packages/f0/51/ab20b322f637b369383adc341d761eaaa0f0203d6b9a7421cd6e783d81b9/ruff-0.15.8-py3-none-musllinux_1_2_x86_64.whl", hash = "sha256:75e5cd06b1cf3f47a3996cfc999226b19aa92e7cce682dcd62f80d7035f98f49", size = 11345125, upload-time = "2026-03-26T18:39:27.799Z" },
    { url = "https://files.pythonhosted.org/packages/37/e6/90b2b33419f59d0f2c4c8a48a4b74b460709a557e8e0064cf33ad894f983/ruff-0.15.8-py3-none-win32.whl", hash = "sha256:bc1f0a51254ba21767bfa9a8b5013ca8149dcf38092e6a9eb704d876de94dc34", size = 10571959, upload-time = "2026-03-26T18:39:36.117Z" },
    { url = "https://files.pythonhosted.org/packages/1f/a2/ef467cb77099062317154c63f234b8a7baf7cb690b99af760c5b68b9ee7f/ruff-0.15.8-py3-none-win_amd64.whl", hash = "sha256:04f79eff02a72db209d47d665ba7ebcad609d8918a134f86cb13dd132159fc89", size = 11743893, upload-time = "2026-03-26T18:39:25.01Z" },
    { url = "https://files.pythonhosted.org/packages/15/e2/77be4fff062fa78d9b2a4dea85d14785dac5f1d0c1fb58ed52331f0ebe28/ruff-0.15.8-py3-none-win_arm64.whl", hash = "sha256:cf891fa8e3bb430c0e7fac93851a5978fc99c8fa2c053b57b118972866f8e5f2", size = 11048175, upload-time = "2026-03-26T18:40:01.06Z" },
]
